{
	"name": "live-hls-transcode-frontend",
	"version": "1.0.0",
	"lockfileVersion": 1,
	"requires": true,
	"dependencies": {
		"@fortawesome/fontawesome-free": {
			"version": "5.11.1",
			"resolved": "https://registry.npmjs.org/@fortawesome/fontawesome-free/-/fontawesome-free-5.11.1.tgz",
			"integrity": "sha512-DtXLVYAkDU0ce1cFUgLvZaMd1R2J/LviBYih9xr4ZLhQMrgvYX7w2vOxlpKLRALfIj5GyC5zoVrcACOkLcFgvg=="
		},
		"bootstrap": {
			"version": "4.3.1",
			"resolved": "https://registry.npmjs.org/bootstrap/-/bootstrap-4.3.1.tgz",
			"integrity": "sha512-rXqOmH1VilAt2DyPzluTi2blhk17bO7ef+zLLPlWvG494pDxcM234pJ8wTc/6R40UWizAIIMgxjvxZg5kmsbag=="
		},
		"jquery": {
			"version": "3.4.1",
			"resolved": "https://registry.npmjs.org/jquery/-/jquery-3.4.1.tgz",
			"integrity": "sha512-36+AdBzCL+y6qjw5Tx7HgzeGCzC81MDDgaUP8ld2zhx58HdqXGoBd+tHdrBMiyjGQs0Hxs/MLZTu/eHNJJuWPw=="
		}
	}
}
