hash: 4694e54be8ad714477f08a8027b62554a00a7bbaffbadeac541dccf5ffd3e720
updated: 2019-09-13T19:29:12.5979263+02:00
imports:
- name: github.com/alexflint/go-arg
  version: 8baf7040d76473dd1d78c17b490d9d8cf6b1c584
- name: github.com/alexflint/go-scalar
  version: 6638fbbc28f9ad0136ef5fd84a15c995e08e161f
- name: github.com/cosmtrek/air
  version: deea39802724a47e8dff13213712eb43ad74ec43
testImports: []
